
Microsoft Visual Studio Solution File, Format Version 12.00
# Visual Studio 2012
Project("{FAE04EC0-301F-11D3-BF4B-00C04F79EFBC}") = "TallyTmr.Core", "TallyTmr.Core\TallyTmr.Core.csproj", "{E88A3226-1DE4-4546-8D48-024DC6E9DF14}"
EndProject
Project("{FAE04EC0-301F-11D3-BF4B-00C04F79EFBC}") = "TallyTmr.Android", "TallyTmr.Android\TallyTmr.Android.csproj", "{CD869FC5-4E77-4A5D-86B6-D4EA9907B286}"
EndProject
Global
	GlobalSection(SolutionConfigurationPlatforms) = preSolution
		Debug|x86 = Debug|x86
		Release|x86 = Release|x86
	EndGlobalSection
	GlobalSection(ProjectConfigurationPlatforms) = postSolution
		{CD869FC5-4E77-4A5D-86B6-D4EA9907B286}.Debug|x86.ActiveCfg = Debug|Any CPU
		{CD869FC5-4E77-4A5D-86B6-D4EA9907B286}.Debug|x86.Build.0 = Debug|Any CPU
		{CD869FC5-4E77-4A5D-86B6-D4EA9907B286}.Release|x86.ActiveCfg = Release|Any CPU
		{CD869FC5-4E77-4A5D-86B6-D4EA9907B286}.Release|x86.Build.0 = Release|Any CPU
		{E88A3226-1DE4-4546-8D48-024DC6E9DF14}.Debug|x86.ActiveCfg = Debug|Any CPU
		{E88A3226-1DE4-4546-8D48-024DC6E9DF14}.Debug|x86.Build.0 = Debug|Any CPU
		{E88A3226-1DE4-4546-8D48-024DC6E9DF14}.Release|x86.ActiveCfg = Release|Any CPU
		{E88A3226-1DE4-4546-8D48-024DC6E9DF14}.Release|x86.Build.0 = Release|Any CPU
	EndGlobalSection
EndGlobal
